[[package]]
name = "prettytable"
version = "2.2.1"
description = "A simple Python library for easily displaying tabular data in a visually appealing ASCII table format"
category = "main"
optional = false
python-versions = ">=3.6"

[package.dependencies]
wcwidth = "*"

[package.extras]
tests = ["pytest", "pytest-cov"]

[[package]]
name = "wcwidth"
version = "0.2.5"
description = "Measures the displayed width of unicode strings in a terminal"
category = "main"
optional = false
python-versions = "*"

[metadata]
lock-version = "1.1"
python-versions = "^3.8"
content-hash = "19e5660f7c3560227a0d4885d3d893fe0277a6bdab830035ad3f3ccdb6e21f39"

[metadata.files]
prettytable = [
    {file = "prettytable-2.2.1-py3-none-any.whl", hash = "sha256:09fb2c7f93e4f93e0235f05ae199ac3f16da3a251b2cfa1c7108b34ede298fa3"},
    {file = "prettytable-2.2.1.tar.gz", hash = "sha256:6d465005573a5c058d4ca343449a5b28c21252b86afcdfa168cdc6a440f0b24c"},
]
wcwidth = [
    {file = "wcwidth-0.2.5-py2.py3-none-any.whl", hash = "sha256:beb4802a9cebb9144e99086eff703a642a13d6a0052920003a230f3294bbe784"},
    {file = "wcwidth-0.2.5.tar.gz", hash = "sha256:c4d647b99872929fdb7bdcaa4fbe7f01413ed3d98077df798530e5b04f116c83"},
]
